
Microsoft Visual Studio Solution File, Format Version 12.00
# Visual Studio Version 16
VisualStudioVersion = 16.0.29806.167
MinimumVisualStudioVersion = 10.0.40219.1
Project("{FAE04EC0-301F-11D3-BF4B-00C04F79EFBC}") = "MyDrawLib", "MyDrawLib\MyDrawLib.csproj", "{A26689BA-6E61-48FF-A3E1-01C61E133FAF}"
EndProject
Project("{2150E333-8FDC-42A3-9474-1A3956D46DE8}") = "Solution Items", "Solution Items", "{A5A9553F-E1F0-4095-8893-E8C9DD34E662}"
	ProjectSection(SolutionItems) = preProject
		.editorconfig = .editorconfig
	EndProjectSection
EndProject
Global
	GlobalSection(SolutionConfigurationPlatforms) = preSolution
		Debug|Any CPU = Debug|Any CPU
		Release|Any CPU = Release|Any CPU
	EndGlobalSection
	GlobalSection(ProjectConfigurationPlatforms) = postSolution
		{A26689BA-6E61-48FF-A3E1-01C61E133FAF}.Debug|Any CPU.ActiveCfg = Debug|Any CPU
		{A26689BA-6E61-48FF-A3E1-01C61E133FAF}.Debug|Any CPU.Build.0 = Debug|Any CPU
		{A26689BA-6E61-48FF-A3E1-01C61E133FAF}.Release|Any CPU.ActiveCfg = Release|Any CPU
		{A26689BA-6E61-48FF-A3E1-01C61E133FAF}.Release|Any CPU.Build.0 = Release|Any CPU
	EndGlobalSection
	GlobalSection(SolutionProperties) = preSolution
		HideSolutionNode = FALSE
	EndGlobalSection
	GlobalSection(ExtensibilityGlobals) = postSolution
		SolutionGuid = {8FD93D4D-80EA-45FF-A72D-849473F77C81}
	EndGlobalSection
EndGlobal
